
Microsoft Visual Studio Solution File, Format Version 12.00
# Visual Studio Version 17
VisualStudioVersion = 17.13.35825.156
MinimumVisualStudioVersion = 10.0.40219.1
Project("{FAE04EC0-301F-11D3-BF4B-00C04F79EFBC}") = "Invoicer.Api", "Invoicer.Api\Invoicer.Api.csproj", "{5F026FA8-EBA8-4431-847A-CBC49472FD6F}"
EndProject
Project("{FAE04EC0-301F-11D3-BF4B-00C04F79EFBC}") = "Invoicer.Front", "Invoicer.Front\Invoicer.Front.csproj", "{DA5A5D01-2F44-45DD-9C73-2B43405D2EE8}"
EndProject
Project("{2150E333-8FDC-42A3-9474-1A3956D46DE8}") = "Éléments de solution", "Éléments de solution", "{9C8CB701-102D-CF49-A3E0-89AC09D42C2C}"
	ProjectSection(SolutionItems) = preProject
		.env = .env
		.env.example = .env.example
		.gitignore = .gitignore
		docker-compose.yml = docker-compose.yml
	EndProjectSection
EndProject
Global
	GlobalSection(SolutionConfigurationPlatforms) = preSolution
		Debug|Any CPU = Debug|Any CPU
		Release|Any CPU = Release|Any CPU
	EndGlobalSection
	GlobalSection(ProjectConfigurationPlatforms) = postSolution
		{5F026FA8-EBA8-4431-847A-CBC49472FD6F}.Debug|Any CPU.ActiveCfg = Debug|Any CPU
		{5F026FA8-EBA8-4431-847A-CBC49472FD6F}.Debug|Any CPU.Build.0 = Debug|Any CPU
		{5F026FA8-EBA8-4431-847A-CBC49472FD6F}.Release|Any CPU.ActiveCfg = Release|Any CPU
		{5F026FA8-EBA8-4431-847A-CBC49472FD6F}.Release|Any CPU.Build.0 = Release|Any CPU
		{DA5A5D01-2F44-45DD-9C73-2B43405D2EE8}.Debug|Any CPU.ActiveCfg = Debug|Any CPU
		{DA5A5D01-2F44-45DD-9C73-2B43405D2EE8}.Debug|Any CPU.Build.0 = Debug|Any CPU
		{DA5A5D01-2F44-45DD-9C73-2B43405D2EE8}.Release|Any CPU.ActiveCfg = Release|Any CPU
		{DA5A5D01-2F44-45DD-9C73-2B43405D2EE8}.Release|Any CPU.Build.0 = Release|Any CPU
	EndGlobalSection
	GlobalSection(SolutionProperties) = preSolution
		HideSolutionNode = FALSE
	EndGlobalSection
	GlobalSection(ExtensibilityGlobals) = postSolution
		SolutionGuid = {63F12048-801E-411F-AB1D-6FD8388C2459}
	EndGlobalSection
EndGlobal
